{
  "requires": true,
  "lockfileVersion": 1,
  "dependencies": {
    "blueimp-gallery": {
      "version": "2.35.0",
      "resolved": "https://registry.npmjs.org/blueimp-gallery/-/blueimp-gallery-2.35.0.tgz",
      "integrity": "sha512-/dT0K8Vh2FlmKW+PILbygoZ4ramOBM8x2e85JTHOXImI2v2flaBBInQNu7nPonCkWLFejfsf54oHdty1QQslog=="
    },
    "jquery": {
      "version": "3.4.1",
      "resolved": "https://registry.npmjs.org/jquery/-/jquery-3.4.1.tgz",
      "integrity": "sha512-36+AdBzCL+y6qjw5Tx7HgzeGCzC81MDDgaUP8ld2zhx58HdqXGoBd+tHdrBMiyjGQs0Hxs/MLZTu/eHNJJuWPw=="
    },
    "vue": {
      "version": "2.6.10",
      "resolved": "https://registry.npmjs.org/vue/-/vue-2.6.10.tgz",
      "integrity": "sha512-ImThpeNU9HbdZL3utgMCq0oiMzAkt1mcgy3/E6zWC/G6AaQoeuFdsl9nDhTDU3X1R6FK7nsIUuRACVcjI+A2GQ=="
    },
    "vue-gallery": {
      "version": "2.0.0",
      "resolved": "https://registry.npmjs.org/vue-gallery/-/vue-gallery-2.0.0.tgz",
      "integrity": "sha512-6BCItrHwH0v0p2T8Pf6iAUGOi7sZtDt/WLn+DiRznfMec/WPPjT/udBABChkyGGzdn/FBHoF768ITAjLDXfMLw==",
      "requires": {
        "blueimp-gallery": "2.35.0"
      }
    }
  }
}
